
Microsoft Visual Studio Solution File, Format Version 12.00
# Visual Studio Version 16
VisualStudioVersion = 16.0.29102.190
MinimumVisualStudioVersion = 10.0.40219.1
Project("{8BC9CEB8-8B4A-11D0-8D11-00A0C91BC942}") = "void_test.c", "void_test.c.vcxproj", "{0299D157-9593-4578-AAA6-2381137935B7}"
EndProject
Global
	GlobalSection(SolutionConfigurationPlatforms) = preSolution
		Debug|x64 = Debug|x64
		Debug|x86 = Debug|x86
		Release|x64 = Release|x64
		Release|x86 = Release|x86
	EndGlobalSection
	GlobalSection(ProjectConfigurationPlatforms) = postSolution
		{0299D157-9593-4578-AAA6-2381137935B7}.Debug|x64.ActiveCfg = Debug|x64
		{0299D157-9593-4578-AAA6-2381137935B7}.Debug|x64.Build.0 = Debug|x64
		{0299D157-9593-4578-AAA6-2381137935B7}.Debug|x86.ActiveCfg = Debug|Win32
		{0299D157-9593-4578-AAA6-2381137935B7}.Debug|x86.Build.0 = Debug|Win32
		{0299D157-9593-4578-AAA6-2381137935B7}.Release|x64.ActiveCfg = Release|x64
		{0299D157-9593-4578-AAA6-2381137935B7}.Release|x64.Build.0 = Release|x64
		{0299D157-9593-4578-AAA6-2381137935B7}.Release|x86.ActiveCfg = Release|Win32
		{0299D157-9593-4578-AAA6-2381137935B7}.Release|x86.Build.0 = Release|Win32
	EndGlobalSection
	GlobalSection(SolutionProperties) = preSolution
		HideSolutionNode = FALSE
	EndGlobalSection
	GlobalSection(ExtensibilityGlobals) = postSolution
		SolutionGuid = {4B43B373-C1E7-43F7-BE63-61F7D3196B00}
	EndGlobalSection
EndGlobal
