
Microsoft Visual Studio Solution File, Format Version 12.00
# Visual Studio Version 16
VisualStudioVersion = 16.0.29102.190
MinimumVisualStudioVersion = 10.0.40219.1
Project("{FAE04EC0-301F-11D3-BF4B-00C04F79EFBC}") = "hello_world", "hello_world.csproj", "{DCB4F9BB-0BD6-4EE1-867B-E9C47B450BB2}"
EndProject
Project("{FAE04EC0-301F-11D3-BF4B-00C04F79EFBC}") = "TestLibrary", "..\TestLibrary\TestLibrary.csproj", "{7BBC7E6B-5B41-4A1C-9876-3555B6DBCB2B}"
EndProject
Global
	GlobalSection(SolutionConfigurationPlatforms) = preSolution
		Debug|Any CPU = Debug|Any CPU
		Release|Any CPU = Release|Any CPU
	EndGlobalSection
	GlobalSection(ProjectConfigurationPlatforms) = postSolution
		{DCB4F9BB-0BD6-4EE1-867B-E9C47B450BB2}.Debug|Any CPU.ActiveCfg = Debug|Any CPU
		{DCB4F9BB-0BD6-4EE1-867B-E9C47B450BB2}.Debug|Any CPU.Build.0 = Debug|Any CPU
		{DCB4F9BB-0BD6-4EE1-867B-E9C47B450BB2}.Release|Any CPU.ActiveCfg = Release|Any CPU
		{DCB4F9BB-0BD6-4EE1-867B-E9C47B450BB2}.Release|Any CPU.Build.0 = Release|Any CPU
		{7BBC7E6B-5B41-4A1C-9876-3555B6DBCB2B}.Debug|Any CPU.ActiveCfg = Debug|Any CPU
		{7BBC7E6B-5B41-4A1C-9876-3555B6DBCB2B}.Debug|Any CPU.Build.0 = Debug|Any CPU
		{7BBC7E6B-5B41-4A1C-9876-3555B6DBCB2B}.Release|Any CPU.ActiveCfg = Release|Any CPU
		{7BBC7E6B-5B41-4A1C-9876-3555B6DBCB2B}.Release|Any CPU.Build.0 = Release|Any CPU
	EndGlobalSection
	GlobalSection(SolutionProperties) = preSolution
		HideSolutionNode = FALSE
	EndGlobalSection
	GlobalSection(ExtensibilityGlobals) = postSolution
		SolutionGuid = {D13750EA-B066-4215-BE64-B19E39394E04}
	EndGlobalSection
EndGlobal
