
Microsoft Visual Studio Solution File, Format Version 12.00
# Visual Studio Version 16
VisualStudioVersion = 16.0.29418.71
MinimumVisualStudioVersion = 10.0.40219.1
Project("{FAE04EC0-301F-11D3-BF4B-00C04F79EFBC}") = "WinForm1", "WinForm1\WinForm1.csproj", "{7C644E96-817F-4355-BF75-CBE1D2196EDC}"
EndProject
Global
	GlobalSection(SolutionConfigurationPlatforms) = preSolution
		Debug|Any CPU = Debug|Any CPU
		Release|Any CPU = Release|Any CPU
	EndGlobalSection
	GlobalSection(ProjectConfigurationPlatforms) = postSolution
		{7C644E96-817F-4355-BF75-CBE1D2196EDC}.Debug|Any CPU.ActiveCfg = Debug|Any CPU
		{7C644E96-817F-4355-BF75-CBE1D2196EDC}.Debug|Any CPU.Build.0 = Debug|Any CPU
		{7C644E96-817F-4355-BF75-CBE1D2196EDC}.Release|Any CPU.ActiveCfg = Release|Any CPU
		{7C644E96-817F-4355-BF75-CBE1D2196EDC}.Release|Any CPU.Build.0 = Release|Any CPU
	EndGlobalSection
	GlobalSection(SolutionProperties) = preSolution
		HideSolutionNode = FALSE
	EndGlobalSection
	GlobalSection(ExtensibilityGlobals) = postSolution
		SolutionGuid = {90A2ECBA-ECFE-4DE9-96D9-6D9BD6ED1BCD}
	EndGlobalSection
EndGlobal
