
Microsoft Visual Studio Solution File, Format Version 12.00
# Visual Studio Version 16
VisualStudioVersion = 16.0.29306.81
MinimumVisualStudioVersion = 10.0.40219.1
Project("{FAE04EC0-301F-11D3-BF4B-00C04F79EFBC}") = "ws3_tests", "ws3_tests\ws3_tests.csproj", "{7038B420-841E-4044-8D0A-FCD3CA72D14D}"
EndProject
Project("{FAE04EC0-301F-11D3-BF4B-00C04F79EFBC}") = "ClassLibrary1", "ClassLibrary1\ClassLibrary1.csproj", "{BE2358C8-61FC-41E8-AB2F-EED6CF09A218}"
EndProject
Global
	GlobalSection(SolutionConfigurationPlatforms) = preSolution
		Debug|Any CPU = Debug|Any CPU
		Release|Any CPU = Release|Any CPU
	EndGlobalSection
	GlobalSection(ProjectConfigurationPlatforms) = postSolution
		{7038B420-841E-4044-8D0A-FCD3CA72D14D}.Debug|Any CPU.ActiveCfg = Debug|Any CPU
		{7038B420-841E-4044-8D0A-FCD3CA72D14D}.Debug|Any CPU.Build.0 = Debug|Any CPU
		{7038B420-841E-4044-8D0A-FCD3CA72D14D}.Release|Any CPU.ActiveCfg = Release|Any CPU
		{7038B420-841E-4044-8D0A-FCD3CA72D14D}.Release|Any CPU.Build.0 = Release|Any CPU
		{BE2358C8-61FC-41E8-AB2F-EED6CF09A218}.Debug|Any CPU.ActiveCfg = Debug|Any CPU
		{BE2358C8-61FC-41E8-AB2F-EED6CF09A218}.Debug|Any CPU.Build.0 = Debug|Any CPU
		{BE2358C8-61FC-41E8-AB2F-EED6CF09A218}.Release|Any CPU.ActiveCfg = Release|Any CPU
		{BE2358C8-61FC-41E8-AB2F-EED6CF09A218}.Release|Any CPU.Build.0 = Release|Any CPU
	EndGlobalSection
	GlobalSection(SolutionProperties) = preSolution
		HideSolutionNode = FALSE
	EndGlobalSection
	GlobalSection(ExtensibilityGlobals) = postSolution
		SolutionGuid = {E364AEB4-62A0-424A-8301-FDAF0957B864}
	EndGlobalSection
EndGlobal
